// !$*UTF8*$!
{
	archiveVersion = 1;
	classes = {
	};
	objectVersion = 77;
	objects = {

/* Begin PBXBuildFile section */
		2D14AB982EAE7157007951C5 /* FirebaseAnalytics in Frameworks */ = {isa = PBXBuildFile; productRef = 2D14AB972EAE7157007951C5 /* FirebaseAnalytics */; };
		2D14ABA12EAE7743007951C5 /* FirebaseAuth in Frameworks */ = {isa = PBXBuildFile; productRef = 2D14ABA02EAE7743007951C5 /* FirebaseAuth */; };
		2D14ABA32EAE774A007951C5 /* FirebaseCore in Frameworks */ = {isa = PBXBuildFile; productRef = 2D14ABA22EAE774A007951C5 /* FirebaseCore */; };
		2D14ABA52EAE7751007951C5 /* FirebaseFirestore in Frameworks */ = {isa = PBXBuildFile; productRef = 2D14ABA42EAE7751007951C5 /* FirebaseFirestore */; };
		2D14ABA72EAE7756007951C5 /* FirebaseStorage in Frameworks */ = {isa = PBXBuildFile; productRef = 2D14ABA62EAE7756007951C5 /* FirebaseStorage */; };
		2D2FA2D82EB28A66002E1B80 /* StoreKit.framework in Frameworks */ = {isa = PBXBuildFile; fileRef = 2D2FA2D72EB28A66002E1B80 /* StoreKit.framework */; };
		2D36058A2ED2098700866656 /* firestore 2.rules in Resources */ = {isa = PBXBuildFile; fileRef = 2D3605892ED2098700866656 /* firestore 2.rules */; };
		2D8864742ED0C798001A687B /* firestore.rules in Resources */ = {isa = PBXBuildFile; fileRef = 2D8864732ED0C798001A687B /* firestore.rules */; };
		2DC94F742ED25AD600EFDC25 /* FirebaseFunctions in Frameworks */ = {isa = PBXBuildFile; productRef = 2DC94F732ED25AD600EFDC25 /* FirebaseFunctions */; };
		2DF23B942EAD2514001C3216 /* Assets.xcassetsContents.json in Resources */ = {isa = PBXBuildFile; fileRef = 2DF23B932EAD2514001C3216 /* Assets.xcassetsContents.json */; };
		2DF23B962EAD2521001C3216 /* Assets.xcassetsAppIcon.appiconsetContents.json in Resources */ = {isa = PBXBuildFile; fileRef = 2DF23B952EAD2521001C3216 /* Assets.xcassetsAppIcon.appiconsetContents.json */; };
		AABB00012EF9000000000001 /* FirebaseCrashlytics in Frameworks */ = {isa = PBXBuildFile; productRef = AABB00002EF9000000000001 /* FirebaseCrashlytics */; };
/* End PBXBuildFile section */

/* Begin PBXFileReference section */
		2D2FA2D72EB28A66002E1B80 /* StoreKit.framework */ = {isa = PBXFileReference; lastKnownFileType = wrapper.framework; name = StoreKit.framework; path = System/Library/Frameworks/StoreKit.framework; sourceTree = SDKROOT; };
		2D3605872ED2096D00866656 /* storage 2.rules */ = {isa = PBXFileReference; lastKnownFileType = text; path = "storage 2.rules"; sourceTree = "<group>"; };
		2D3605892ED2098700866656 /* firestore 2.rules */ = {isa = PBXFileReference; lastKnownFileType = text; path = "firestore 2.rules"; sourceTree = "<group>"; };
		2D3C65892EAB1CC900BC2B9C /* PlayerPath.app */ = {isa = PBXFileReference; explicitFileType = wrapper.application; includeInIndex = 0; path = PlayerPath.app; sourceTree = BUILT_PRODUCTS_DIR; };
		2D8864732ED0C798001A687B /* firestore.rules */ = {isa = PBXFileReference; lastKnownFileType = text; path = firestore.rules; sourceTree = "<group>"; };
		2D8864752ED0C7AA001A687B /* storage.rules */ = {isa = PBXFileReference; lastKnownFileType = text; path = storage.rules; sourceTree = "<group>"; };
		2DF23B932EAD2514001C3216 /* Assets.xcassetsContents.json */ = {isa = PBXFileReference; lastKnownFileType = text.json; path = Assets.xcassetsContents.json; sourceTree = "<group>"; };
		2DF23B952EAD2521001C3216 /* Assets.xcassetsAppIcon.appiconsetContents.json */ = {isa = PBXFileReference; lastKnownFileType = text.json; path = Assets.xcassetsAppIcon.appiconsetContents.json; sourceTree = "<group>"; };
/* End PBXFileReference section */

/* Begin PBXFileSystemSynchronizedBuildFileExceptionSet section */
		2D9F74412EAD0E5C00E42977 /* Exceptions for "PlayerPath" folder in "PlayerPath" target */ = {
			isa = PBXFileSystemSynchronizedBuildFileExceptionSet;
			membershipExceptions = (
				Info.plist,
			);
			target = 2D3C65882EAB1CC900BC2B9C /* PlayerPath */;
		};
/* End PBXFileSystemSynchronizedBuildFileExceptionSet section */

/* Begin PBXFileSystemSynchronizedRootGroup section */
		2D3C658B2EAB1CC900BC2B9C /* PlayerPath */ = {
			isa = PBXFileSystemSynchronizedRootGroup;
			exceptions = (
				2D9F74412EAD0E5C00E42977 /* Exceptions for "PlayerPath" folder in "PlayerPath" target */,
			);
			path = PlayerPath;
			sourceTree = "<group>";
		};
/* End PBXFileSystemSynchronizedRootGroup section */

/* Begin PBXFrameworksBuildPhase section */
		2D3C65862EAB1CC900BC2B9C /* Frameworks */ = {
			isa = PBXFrameworksBuildPhase;
			buildActionMask = 2147483647;
			files = (
				2DC94F742ED25AD600EFDC25 /* FirebaseFunctions in Frameworks */,
				2D14ABA72EAE7756007951C5 /* FirebaseStorage in Frameworks */,
				2D14AB982EAE7157007951C5 /* FirebaseAnalytics in Frameworks */,
				2D14ABA52EAE7751007951C5 /* FirebaseFirestore in Frameworks */,
				2D14ABA12EAE7743007951C5 /* FirebaseAuth in Frameworks */,
				2D14ABA32EAE774A007951C5 /* FirebaseCore in Frameworks */,
				2D2FA2D82EB28A66002E1B80 /* StoreKit.framework in Frameworks */,
				AABB00012EF9000000000001 /* FirebaseCrashlytics in Frameworks */,
			);
			runOnlyForDeploymentPostprocessing = 0;
		};
/* End PBXFrameworksBuildPhase section */

/* Begin PBXGroup section */
		2D14AB9F2EAE7743007951C5 /* Frameworks */ = {
			isa = PBXGroup;
			children = (
				2D2FA2D72EB28A66002E1B80 /* StoreKit.framework */,
			);
			name = Frameworks;
			sourceTree = "<group>";
		};
		2D3C65802EAB1CC900BC2B9C = {
			isa = PBXGroup;
			children = (
				2D3C658B2EAB1CC900BC2B9C /* PlayerPath */,
				2D3C658A2EAB1CC900BC2B9C /* Products */,
				2DF23B932EAD2514001C3216 /* Assets.xcassetsContents.json */,
				2DF23B952EAD2521001C3216 /* Assets.xcassetsAppIcon.appiconsetContents.json */,
				2D14AB9F2EAE7743007951C5 /* Frameworks */,
				2D8864732ED0C798001A687B /* firestore.rules */,
				2D8864752ED0C7AA001A687B /* storage.rules */,
				2D3605872ED2096D00866656 /* storage 2.rules */,
				2D3605892ED2098700866656 /* firestore 2.rules */,
			);
			sourceTree = "<group>";
		};
		2D3C658A2EAB1CC900BC2B9C /* Products */ = {
			isa = PBXGroup;
			children = (
				2D3C65892EAB1CC900BC2B9C /* PlayerPath.app */,
			);
			name = Products;
			sourceTree = "<group>";
		};
/* End PBXGroup section */

/* Begin PBXNativeTarget section */
		2D3C65882EAB1CC900BC2B9C /* PlayerPath */ = {
			isa = PBXNativeTarget;
			buildConfigurationList = 2D3C65972EAB1CCA00BC2B9C /* Build configuration list for PBXNativeTarget "PlayerPath" */;
			buildPhases = (
				2D2FA2C82EB16386002E1B80 /* ShellScript */,
				2D3C65852EAB1CC900BC2B9C /* Sources */,
				2D3C65862EAB1CC900BC2B9C /* Frameworks */,
				2D3C65872EAB1CC900BC2B9C /* Resources */,
			);
			buildRules = (
			);
			dependencies = (
			);
			fileSystemSynchronizedGroups = (
				2D3C658B2EAB1CC900BC2B9C /* PlayerPath */,
			);
			name = PlayerPath;
			packageProductDependencies = (
				2D14AB972EAE7157007951C5 /* FirebaseAnalytics */,
				2D14ABA02EAE7743007951C5 /* FirebaseAuth */,
				2D14ABA22EAE774A007951C5 /* FirebaseCore */,
				2D14ABA42EAE7751007951C5 /* FirebaseFirestore */,
				2D14ABA62EAE7756007951C5 /* FirebaseStorage */,
				2DC94F732ED25AD600EFDC25 /* FirebaseFunctions */,
				AABB00002EF9000000000001 /* FirebaseCrashlytics */,
			);
			productName = DT3;
			productReference = 2D3C65892EAB1CC900BC2B9C /* PlayerPath.app */;
			productType = "com.apple.product-type.application";
		};
/* End PBXNativeTarget section */

/* Begin PBXProject section */
		2D3C65812EAB1CC900BC2B9C /* Project object */ = {
			isa = PBXProject;
			attributes = {
				BuildIndependentTargetsInParallel = 1;
				LastSwiftUpdateCheck = 2600;
				LastUpgradeCheck = 2610;
				TargetAttributes = {
					2D3C65882EAB1CC900BC2B9C = {
						CreatedOnToolsVersion = 26.0.1;
					};
				};
			};
			buildConfigurationList = 2D3C65842EAB1CC900BC2B9C /* Build configuration list for PBXProject "PlayerPath" */;
			developmentRegion = en;
			hasScannedForEncodings = 0;
			knownRegions = (
				en,
				Base,
			);
			mainGroup = 2D3C65802EAB1CC900BC2B9C;
			minimizedProjectReferenceProxies = 1;
			packageReferences = (
				2D14AB942EAE7157007951C5 /* XCRemoteSwiftPackageReference "firebase-ios-sdk" */,
			);
			preferredProjectObjectVersion = 77;
			productRefGroup = 2D3C658A2EAB1CC900BC2B9C /* Products */;
			projectDirPath = "";
			projectRoot = "";
			targets = (
				2D3C65882EAB1CC900BC2B9C /* PlayerPath */,
			);
		};
/* End PBXProject section */

/* Begin PBXResourcesBuildPhase section */
		2D3C65872EAB1CC900BC2B9C /* Resources */ = {
			isa = PBXResourcesBuildPhase;
			buildActionMask = 2147483647;
			files = (
				2DF23B962EAD2521001C3216 /* Assets.xcassetsAppIcon.appiconsetContents.json in Resources */,
				2D8864742ED0C798001A687B /* firestore.rules in Resources */,
				2DF23B942EAD2514001C3216 /* Assets.xcassetsContents.json in Resources */,
				2D36058A2ED2098700866656 /* firestore 2.rules in Resources */,
			);
			runOnlyForDeploymentPostprocessing = 0;
		};
/* End PBXResourcesBuildPhase section */

/* Begin PBXShellScriptBuildPhase section */
		2D2FA2C82EB16386002E1B80 /* ShellScript */ = {
			isa = PBXShellScriptBuildPhase;
			buildActionMask = 2147483647;
			files = (
			);
			inputFileListPaths = (
			);
			inputPaths = (
			);
			outputFileListPaths = (
			);
			outputPaths = (
				"$(DERIVED_FILE_DIR)/$(PROJECT_DIR)/$(PRODUCT_NAME)/Info.plist",
			);
			runOnlyForDeploymentPostprocessing = 0;
			shellPath = /bin/sh;
			shellScript = "# Only run during Release builds or archives\nif [ \"$CONFIGURATION\" != \"Release\" ] && [ \"$ACTION\" != \"archive\" ]; then\n    exit 0\nfi\n\n# Find Info.plist\nINFO_PLIST_PATH=\"${PROJECT_DIR}/${PRODUCT_NAME}/Info.plist\"\nif [ ! -f \"$INFO_PLIST_PATH\" ]; then\n    INFO_PLIST_PATH=\"${PROJECT_DIR}/Info.plist\"\nfi\n\n";
		};
/* End PBXShellScriptBuildPhase section */

/* Begin PBXSourcesBuildPhase section */
		2D3C65852EAB1CC900BC2B9C /* Sources */ = {
			isa = PBXSourcesBuildPhase;
			buildActionMask = 2147483647;
			files = (
			);
			runOnlyForDeploymentPostprocessing = 0;
		};
/* End PBXSourcesBuildPhase section */

/* Begin XCBuildConfiguration section */
		2D3C65982EAB1CCA00BC2B9C /* Debug */ = {
			isa = XCBuildConfiguration;
			buildSettings = {
				ASSETCATALOG_COMPILER_APPICON_NAME = AppIcon;
				ASSETCATALOG_COMPILER_GLOBAL_ACCENT_COLOR_NAME = AccentColor;
				CODE_SIGN_ENTITLEMENTS = PlayerPath/PlayerPath.entitlements;
				CODE_SIGN_STYLE = Automatic;
				CURRENT_PROJECT_VERSION = 1.18;
				DEVELOPMENT_TEAM = GW6V623MC7;
				ENABLE_PREVIEWS = YES;
				GENERATE_INFOPLIST_FILE = YES;
				INFOPLIST_FILE = PlayerPath/Info.plist;
				INFOPLIST_KEY_CFBundleDisplayName = PlayerPath;
				INFOPLIST_KEY_LSApplicationCategoryType = "public.app-category.sports";
				INFOPLIST_KEY_NSCameraUsageDescription = "PlayerPath needs camera access to record videos of your athletic performance for analysis and improvement.";
				INFOPLIST_KEY_NSFaceIDUsageDescription = "PlayerPath uses Face ID to securely unlock the app and protect your data.";
				INFOPLIST_KEY_NSMicrophoneUsageDescription = "PlayerPath needs microphone access to record audio along with videos for complete performance analysis.";
				INFOPLIST_KEY_NSPhotoLibraryAddUsageDescription = "PlayerPath needs permission to save videos to your photo library.";
				INFOPLIST_KEY_NSPhotoLibraryUsageDescription = "PlayerPath needs photo library access to allow you to upload existing videos for analysis.";
				INFOPLIST_KEY_UIApplicationSceneManifest_Generation = YES;
				INFOPLIST_KEY_UIApplicationSupportsIndirectInputEvents = YES;
				INFOPLIST_KEY_UILaunchScreen_Generation = YES;
				INFOPLIST_KEY_UISupportedInterfaceOrientations_iPad = "UIInterfaceOrientationPortrait UIInterfaceOrientationPortraitUpsideDown UIInterfaceOrientationLandscapeLeft UIInterfaceOrientationLandscapeRight";
				INFOPLIST_KEY_UISupportedInterfaceOrientations_iPhone = "UIInterfaceOrientationPortrait UIInterfaceOrientationLandscapeLeft UIInterfaceOrientationLandscapeRight";
				LD_RUNPATH_SEARCH_PATHS = (
					"$(inherited)",
					"@executable_path/Frameworks",
				);
				MARKETING_VERSION = 1.0;
				PRODUCT_BUNDLE_IDENTIFIER = RZR.DT3;
				PRODUCT_NAME = "$(TARGET_NAME)";
				STRING_CATALOG_GENERATE_SYMBOLS = YES;
				SWIFT_APPROACHABLE_CONCURRENCY = YES;
				SWIFT_DEFAULT_ACTOR_ISOLATION = MainActor;
				SWIFT_EMIT_LOC_STRINGS = YES;
				SWIFT_UPCOMING_FEATURE_MEMBER_IMPORT_VISIBILITY = YES;
				SWIFT_VERSION = 5.0;
				TARGETED_DEVICE_FAMILY = "1,2";
			};
			name = Debug;
		};
		2D3C65992EAB1CCA00BC2B9C /* Release */ = {
			isa = XCBuildConfiguration;
			buildSettings = {
				ASSETCATALOG_COMPILER_APPICON_NAME = AppIcon;
				ASSETCATALOG_COMPILER_GLOBAL_ACCENT_COLOR_NAME = AccentColor;
				CODE_SIGN_ENTITLEMENTS = PlayerPath/PlayerPath.entitlements;
				CODE_SIGN_STYLE = Automatic;
				CURRENT_PROJECT_VERSION = 1.18;
				DEVELOPMENT_TEAM = GW6V623MC7;
				ENABLE_PREVIEWS = YES;
				GENERATE_INFOPLIST_FILE = YES;
				INFOPLIST_FILE = PlayerPath/Info.plist;
				INFOPLIST_KEY_CFBundleDisplayName = PlayerPath;
				INFOPLIST_KEY_LSApplicationCategoryType = "public.app-category.sports";
				INFOPLIST_KEY_NSCameraUsageDescription = "PlayerPath needs camera access to record videos of your athletic performance for analysis and improvement.";
				INFOPLIST_KEY_NSFaceIDUsageDescription = "PlayerPath uses Face ID to securely unlock the app and protect your data.";
				INFOPLIST_KEY_NSMicrophoneUsageDescription = "PlayerPath needs microphone access to record audio along with videos for complete performance analysis.";
				INFOPLIST_KEY_NSPhotoLibraryAddUsageDescription = "PlayerPath needs permission to save videos to your photo library.";
				INFOPLIST_KEY_NSPhotoLibraryUsageDescription = "PlayerPath needs photo library access to allow you to upload existing videos for analysis.";
				INFOPLIST_KEY_UIApplicationSceneManifest_Generation = YES;
				INFOPLIST_KEY_UIApplicationSupportsIndirectInputEvents = YES;
				INFOPLIST_KEY_UILaunchScreen_Generation = YES;
				INFOPLIST_KEY_UISupportedInterfaceOrientations_iPad = "UIInterfaceOrientationPortrait UIInterfaceOrientationPortraitUpsideDown UIInterfaceOrientationLandscapeLeft UIInterfaceOrientationLandscapeRight";
				INFOPLIST_KEY_UISupportedInterfaceOrientations_iPhone = "UIInterfaceOrientationPortrait UIInterfaceOrientationLandscapeLeft UIInterfaceOrientationLandscapeRight";
				LD_RUNPATH_SEARCH_PATHS = (
					"$(inherited)",
					"@executable_path/Frameworks",
				);
				MARKETING_VERSION = 1.0;
				PRODUCT_BUNDLE_IDENTIFIER = RZR.DT3;
				PRODUCT_NAME = "$(TARGET_NAME)";
				STRING_CATALOG_GENERATE_SYMBOLS = YES;
				SWIFT_APPROACHABLE_CONCURRENCY = YES;
				SWIFT_DEFAULT_ACTOR_ISOLATION = MainActor;
				SWIFT_EMIT_LOC_STRINGS = YES;
				SWIFT_UPCOMING_FEATURE_MEMBER_IMPORT_VISIBILITY = YES;
				SWIFT_VERSION = 5.0;
				TARGETED_DEVICE_FAMILY = "1,2";
			};
			name = Release;
		};
		2D3C659A2EAB1CCA00BC2B9C /* Debug */ = {
			isa = XCBuildConfiguration;
			buildSettings = {
				ALWAYS_SEARCH_USER_PATHS = NO;
				ASSETCATALOG_COMPILER_GENERATE_SWIFT_ASSET_SYMBOL_EXTENSIONS = YES;
				CLANG_ANALYZER_NONNULL = YES;
				CLANG_ANALYZER_NUMBER_OBJECT_CONVERSION = YES_AGGRESSIVE;
				CLANG_CXX_LANGUAGE_STANDARD = "gnu++20";
				CLANG_ENABLE_MODULES = YES;
				CLANG_ENABLE_OBJC_ARC = YES;
				CLANG_ENABLE_OBJC_WEAK = YES;
				CLANG_WARN_BLOCK_CAPTURE_AUTORELEASING = YES;
				CLANG_WARN_BOOL_CONVERSION = YES;
				CLANG_WARN_COMMA = YES;
				CLANG_WARN_CONSTANT_CONVERSION = YES;
				CLANG_WARN_DEPRECATED_OBJC_IMPLEMENTATIONS = YES;
				CLANG_WARN_DIRECT_OBJC_ISA_USAGE = YES_ERROR;
				CLANG_WARN_DOCUMENTATION_COMMENTS = YES;
				CLANG_WARN_EMPTY_BODY = YES;
				CLANG_WARN_ENUM_CONVERSION = YES;
				CLANG_WARN_INFINITE_RECURSION = YES;
				CLANG_WARN_INT_CONVERSION = YES;
				CLANG_WARN_NON_LITERAL_NULL_CONVERSION = YES;
				CLANG_WARN_OBJC_IMPLICIT_RETAIN_SELF = YES;
				CLANG_WARN_OBJC_LITERAL_CONVERSION = YES;
				CLANG_WARN_OBJC_ROOT_CLASS = YES_ERROR;
				CLANG_WARN_QUOTED_INCLUDE_IN_FRAMEWORK_HEADER = YES;
				CLANG_WARN_RANGE_LOOP_ANALYSIS = YES;
				CLANG_WARN_STRICT_PROTOTYPES = YES;
				CLANG_WARN_SUSPICIOUS_MOVE = YES;
				CLANG_WARN_UNGUARDED_AVAILABILITY = YES_AGGRESSIVE;
				CLANG_WARN_UNREACHABLE_CODE = YES;
				CLANG_WARN__DUPLICATE_METHOD_MATCH = YES;
				COPY_PHASE_STRIP = NO;
				DEBUG_INFORMATION_FORMAT = dwarf;
				DEVELOPMENT_TEAM = GW6V623MC7;
				ENABLE_STRICT_OBJC_MSGSEND = YES;
				ENABLE_TESTABILITY = YES;
				ENABLE_USER_SCRIPT_SANDBOXING = YES;
				GCC_C_LANGUAGE_STANDARD = gnu17;
				GCC_DYNAMIC_NO_PIC = NO;
				GCC_NO_COMMON_BLOCKS = YES;
				GCC_OPTIMIZATION_LEVEL = 0;
				GCC_PREPROCESSOR_DEFINITIONS = (
					"DEBUG=1",
					"$(inherited)",
				);
				GCC_WARN_64_TO_32_BIT_CONVERSION = YES;
				GCC_WARN_ABOUT_RETURN_TYPE = YES_ERROR;
				GCC_WARN_UNDECLARED_SELECTOR = YES;
				GCC_WARN_UNINITIALIZED_AUTOS = YES_AGGRESSIVE;
				GCC_WARN_UNUSED_FUNCTION = YES;
				GCC_WARN_UNUSED_VARIABLE = YES;
				IPHONEOS_DEPLOYMENT_TARGET = 26.0;
				LOCALIZATION_PREFERS_STRING_CATALOGS = YES;
				MTL_ENABLE_DEBUG_INFO = INCLUDE_SOURCE;
				MTL_FAST_MATH = YES;
				ONLY_ACTIVE_ARCH = YES;
				SDKROOT = iphoneos;
				STRING_CATALOG_GENERATE_SYMBOLS = YES;
				SWIFT_ACTIVE_COMPILATION_CONDITIONS = "DEBUG $(inherited)";
				SWIFT_OPTIMIZATION_LEVEL = "-Onone";
			};
			name = Debug;
		};
		2D3C659B2EAB1CCA00BC2B9C /* Release */ = {
			isa = XCBuildConfiguration;
			buildSettings = {
				ALWAYS_SEARCH_USER_PATHS = NO;
				ASSETCATALOG_COMPILER_GENERATE_SWIFT_ASSET_SYMBOL_EXTENSIONS = YES;
				CLANG_ANALYZER_NONNULL = YES;
				CLANG_ANALYZER_NUMBER_OBJECT_CONVERSION = YES_AGGRESSIVE;
				CLANG_CXX_LANGUAGE_STANDARD = "gnu++20";
				CLANG_ENABLE_MODULES = YES;
				CLANG_ENABLE_OBJC_ARC = YES;
				CLANG_ENABLE_OBJC_WEAK = YES;
				CLANG_WARN_BLOCK_CAPTURE_AUTORELEASING = YES;
				CLANG_WARN_BOOL_CONVERSION = YES;
				CLANG_WARN_COMMA = YES;
				CLANG_WARN_CONSTANT_CONVERSION = YES;
				CLANG_WARN_DEPRECATED_OBJC_IMPLEMENTATIONS = YES;
				CLANG_WARN_DIRECT_OBJC_ISA_USAGE = YES_ERROR;
				CLANG_WARN_DOCUMENTATION_COMMENTS = YES;
				CLANG_WARN_EMPTY_BODY = YES;
				CLANG_WARN_ENUM_CONVERSION = YES;
				CLANG_WARN_INFINITE_RECURSION = YES;
				CLANG_WARN_INT_CONVERSION = YES;
				CLANG_WARN_NON_LITERAL_NULL_CONVERSION = YES;
				CLANG_WARN_OBJC_IMPLICIT_RETAIN_SELF = YES;
				CLANG_WARN_OBJC_LITERAL_CONVERSION = YES;
				CLANG_WARN_OBJC_ROOT_CLASS = YES_ERROR;
				CLANG_WARN_QUOTED_INCLUDE_IN_FRAMEWORK_HEADER = YES;
				CLANG_WARN_RANGE_LOOP_ANALYSIS = YES;
				CLANG_WARN_STRICT_PROTOTYPES = YES;
				CLANG_WARN_SUSPICIOUS_MOVE = YES;
				CLANG_WARN_UNGUARDED_AVAILABILITY = YES_AGGRESSIVE;
				CLANG_WARN_UNREACHABLE_CODE = YES;
				CLANG_WARN__DUPLICATE_METHOD_MATCH = YES;
				COPY_PHASE_STRIP = NO;
				DEBUG_INFORMATION_FORMAT = "dwarf-with-dsym";
				DEVELOPMENT_TEAM = GW6V623MC7;
				ENABLE_NS_ASSERTIONS = NO;
				ENABLE_STRICT_OBJC_MSGSEND = YES;
				ENABLE_USER_SCRIPT_SANDBOXING = YES;
				GCC_C_LANGUAGE_STANDARD = gnu17;
				GCC_NO_COMMON_BLOCKS = YES;
				GCC_WARN_64_TO_32_BIT_CONVERSION = YES;
				GCC_WARN_ABOUT_RETURN_TYPE = YES_ERROR;
				GCC_WARN_UNDECLARED_SELECTOR = YES;
				GCC_WARN_UNINITIALIZED_AUTOS = YES_AGGRESSIVE;
				GCC_WARN_UNUSED_FUNCTION = YES;
				GCC_WARN_UNUSED_VARIABLE = YES;
				IPHONEOS_DEPLOYMENT_TARGET = 26.0;
				LOCALIZATION_PREFERS_STRING_CATALOGS = YES;
				MTL_ENABLE_DEBUG_INFO = NO;
				MTL_FAST_MATH = YES;
				SDKROOT = iphoneos;
				STRING_CATALOG_GENERATE_SYMBOLS = YES;
				SWIFT_COMPILATION_MODE = wholemodule;
				VALIDATE_PRODUCT = YES;
			};
			name = Release;
		};
/* End XCBuildConfiguration section */

/* Begin XCConfigurationList section */
		2D3C65842EAB1CC900BC2B9C /* Build configuration list for PBXProject "PlayerPath" */ = {
			isa = XCConfigurationList;
			buildConfigurations = (
				2D3C659A2EAB1CCA00BC2B9C /* Debug */,
				2D3C659B2EAB1CCA00BC2B9C /* Release */,
			);
			defaultConfigurationIsVisible = 0;
			defaultConfigurationName = Release;
		};
		2D3C65972EAB1CCA00BC2B9C /* Build configuration list for PBXNativeTarget "PlayerPath" */ = {
			isa = XCConfigurationList;
			buildConfigurations = (
				2D3C65982EAB1CCA00BC2B9C /* Debug */,
				2D3C65992EAB1CCA00BC2B9C /* Release */,
			);
			defaultConfigurationIsVisible = 0;
			defaultConfigurationName = Release;
		};
/* End XCConfigurationList section */

/* Begin XCRemoteSwiftPackageReference section */
		2D14AB942EAE7157007951C5 /* XCRemoteSwiftPackageReference "firebase-ios-sdk" */ = {
			isa = XCRemoteSwiftPackageReference;
			repositoryURL = "https://github.com/firebase/firebase-ios-sdk";
			requirement = {
				kind = upToNextMajorVersion;
				minimumVersion = 12.4.0;
			};
		};
/* End XCRemoteSwiftPackageReference section */

/* Begin XCSwiftPackageProductDependency section */
		2D14AB972EAE7157007951C5 /* FirebaseAnalytics */ = {
			isa = XCSwiftPackageProductDependency;
			package = 2D14AB942EAE7157007951C5 /* XCRemoteSwiftPackageReference "firebase-ios-sdk" */;
			productName = FirebaseAnalytics;
		};
		2D14ABA02EAE7743007951C5 /* FirebaseAuth */ = {
			isa = XCSwiftPackageProductDependency;
			package = 2D14AB942EAE7157007951C5 /* XCRemoteSwiftPackageReference "firebase-ios-sdk" */;
			productName = FirebaseAuth;
		};
		2D14ABA22EAE774A007951C5 /* FirebaseCore */ = {
			isa = XCSwiftPackageProductDependency;
			package = 2D14AB942EAE7157007951C5 /* XCRemoteSwiftPackageReference "firebase-ios-sdk" */;
			productName = FirebaseCore;
		};
		2D14ABA42EAE7751007951C5 /* FirebaseFirestore */ = {
			isa = XCSwiftPackageProductDependency;
			package = 2D14AB942EAE7157007951C5 /* XCRemoteSwiftPackageReference "firebase-ios-sdk" */;
			productName = FirebaseFirestore;
		};
		2D14ABA62EAE7756007951C5 /* FirebaseStorage */ = {
			isa = XCSwiftPackageProductDependency;
			package = 2D14AB942EAE7157007951C5 /* XCRemoteSwiftPackageReference "firebase-ios-sdk" */;
			productName = FirebaseStorage;
		};
		2DC94F732ED25AD600EFDC25 /* FirebaseFunctions */ = {
			isa = XCSwiftPackageProductDependency;
			package = 2D14AB942EAE7157007951C5 /* XCRemoteSwiftPackageReference "firebase-ios-sdk" */;
			productName = FirebaseFunctions;
		};
		AABB00002EF9000000000001 /* FirebaseCrashlytics */ = {
			isa = XCSwiftPackageProductDependency;
			package = 2D14AB942EAE7157007951C5 /* XCRemoteSwiftPackageReference "firebase-ios-sdk" */;
			productName = FirebaseCrashlytics;
		};
/* End XCSwiftPackageProductDependency section */
	};
	rootObject = 2D3C65812EAB1CC900BC2B9C /* Project object */;
}
